
Microsoft Visual Studio Solution File, Format Version 12.00
# Visual Studio Version 17
VisualStudioVersion = 17.0.32014.148
MinimumVisualStudioVersion = 10.0.40219.1
Project("{9A19103F-16F7-4668-BE54-9A1E7A4F7556}") = "CoolieMint.WebApp", "CoolieMint.WebApp\CoolieMint.WebApp.csproj", "{C5DFE773-8B28-4AF2-8968-3531A156803C}"
EndProject
Project("{9A19103F-16F7-4668-BE54-9A1E7A4F7556}") = "CloudGateWay", "CloudGateWay\CloudGateWay.csproj", "{6A509060-CFC3-4F2C-9B17-E75734ECFBD4}"
EndProject
Project("{9A19103F-16F7-4668-BE54-9A1E7A4F7556}") = "CoolieMint.WindowsClient", "CoolieMint.WindowsClient\CoolieMint.WindowsClient.csproj", "{75578B52-AEBA-4EDB-983A-8F8654CC695F}"
EndProject
Project("{9A19103F-16F7-4668-BE54-9A1E7A4F7556}") = "CoolieMint.WebApp.Tests", "CoolieMint.WebApp.Tests\CoolieMint.WebApp.Tests.csproj", "{30FBC01E-A7E1-4A25-B208-42B5F690DD2A}"
EndProject
Project("{9A19103F-16F7-4668-BE54-9A1E7A4F7556}") = "CoolieMint.Starter", "CoolieMint.Starter\CoolieMint.Starter.csproj", "{1C86BC3D-D786-410C-94B7-8DF3A695976C}"
EndProject
Project("{9A19103F-16F7-4668-BE54-9A1E7A4F7556}") = "CoolieMint.WebClient.Blazor", "CoolieMint.WebClient\CoolieMint.WebClient.Blazor.csproj", "{901DC498-50BF-49F4-AAC9-849C0A5679F5}"
EndProject
Project("{FAE04EC0-301F-11D3-BF4B-00C04F79EFBC}") = "CoolieMint.Updater", "CoolieMint.Updater\CoolieMint.Updater.csproj", "{BA4D013D-BE41-4785-ADD2-15DB4245A05F}"
EndProject
Global
	GlobalSection(SolutionConfigurationPlatforms) = preSolution
		Debug|Any CPU = Debug|Any CPU
		Release|Any CPU = Release|Any CPU
	EndGlobalSection
	GlobalSection(ProjectConfigurationPlatforms) = postSolution
		{C5DFE773-8B28-4AF2-8968-3531A156803C}.Debug|Any CPU.ActiveCfg = Debug|Any CPU
		{C5DFE773-8B28-4AF2-8968-3531A156803C}.Debug|Any CPU.Build.0 = Debug|Any CPU
		{C5DFE773-8B28-4AF2-8968-3531A156803C}.Release|Any CPU.ActiveCfg = Release|Any CPU
		{C5DFE773-8B28-4AF2-8968-3531A156803C}.Release|Any CPU.Build.0 = Release|Any CPU
		{6A509060-CFC3-4F2C-9B17-E75734ECFBD4}.Debug|Any CPU.ActiveCfg = Debug|Any CPU
		{6A509060-CFC3-4F2C-9B17-E75734ECFBD4}.Debug|Any CPU.Build.0 = Debug|Any CPU
		{6A509060-CFC3-4F2C-9B17-E75734ECFBD4}.Release|Any CPU.ActiveCfg = Release|Any CPU
		{6A509060-CFC3-4F2C-9B17-E75734ECFBD4}.Release|Any CPU.Build.0 = Release|Any CPU
		{75578B52-AEBA-4EDB-983A-8F8654CC695F}.Debug|Any CPU.ActiveCfg = Debug|Any CPU
		{75578B52-AEBA-4EDB-983A-8F8654CC695F}.Debug|Any CPU.Build.0 = Debug|Any CPU
		{75578B52-AEBA-4EDB-983A-8F8654CC695F}.Release|Any CPU.ActiveCfg = Release|Any CPU
		{75578B52-AEBA-4EDB-983A-8F8654CC695F}.Release|Any CPU.Build.0 = Release|Any CPU
		{30FBC01E-A7E1-4A25-B208-42B5F690DD2A}.Debug|Any CPU.ActiveCfg = Debug|Any CPU
		{30FBC01E-A7E1-4A25-B208-42B5F690DD2A}.Debug|Any CPU.Build.0 = Debug|Any CPU
		{30FBC01E-A7E1-4A25-B208-42B5F690DD2A}.Release|Any CPU.ActiveCfg = Release|Any CPU
		{30FBC01E-A7E1-4A25-B208-42B5F690DD2A}.Release|Any CPU.Build.0 = Release|Any CPU
		{1C86BC3D-D786-410C-94B7-8DF3A695976C}.Debug|Any CPU.ActiveCfg = Debug|Any CPU
		{1C86BC3D-D786-410C-94B7-8DF3A695976C}.Debug|Any CPU.Build.0 = Debug|Any CPU
		{1C86BC3D-D786-410C-94B7-8DF3A695976C}.Release|Any CPU.ActiveCfg = Release|Any CPU
		{1C86BC3D-D786-410C-94B7-8DF3A695976C}.Release|Any CPU.Build.0 = Release|Any CPU
		{901DC498-50BF-49F4-AAC9-849C0A5679F5}.Debug|Any CPU.ActiveCfg = Debug|Any CPU
		{901DC498-50BF-49F4-AAC9-849C0A5679F5}.Debug|Any CPU.Build.0 = Debug|Any CPU
		{901DC498-50BF-49F4-AAC9-849C0A5679F5}.Release|Any CPU.ActiveCfg = Release|Any CPU
		{901DC498-50BF-49F4-AAC9-849C0A5679F5}.Release|Any CPU.Build.0 = Release|Any CPU
		{BA4D013D-BE41-4785-ADD2-15DB4245A05F}.Debug|Any CPU.ActiveCfg = Debug|Any CPU
		{BA4D013D-BE41-4785-ADD2-15DB4245A05F}.Debug|Any CPU.Build.0 = Debug|Any CPU
		{BA4D013D-BE41-4785-ADD2-15DB4245A05F}.Release|Any CPU.ActiveCfg = Release|Any CPU
		{BA4D013D-BE41-4785-ADD2-15DB4245A05F}.Release|Any CPU.Build.0 = Release|Any CPU
	EndGlobalSection
	GlobalSection(SolutionProperties) = preSolution
		HideSolutionNode = FALSE
	EndGlobalSection
	GlobalSection(ExtensibilityGlobals) = postSolution
		SolutionGuid = {5240FBB5-ED2F-4140-A65D-97C06417A4BF}
	EndGlobalSection
EndGlobal
